# THIS IS AN AUTOGENERATED FILE. DO NOT EDIT THIS FILE DIRECTLY.
# yarn lockfile v1


"@codemirror/highlight@^0.19.1":
  version "0.19.4"
  resolved "https://registry.yarnpkg.com/@codemirror/highlight/-/highlight-0.19.4.tgz#2a985f6723815be4ef7684ab76d2b1519fe01c91"
  integrity sha512-M7QfcEJWbC9aMX23UvLjqJlnwxVe9mGVPogSFujIQ4lC2Rocqalkx3NkmNDsNV8Q4RYTVB4+XiRPosq1tIY0Pw==
  dependencies:
    "@codemirror/language" "^0.19.0"
    "@codemirror/rangeset" "^0.19.0"
    "@codemirror/state" "^0.19.0"
    "@codemirror/view" "^0.19.0"
    "@lezer/common" "^0.15.0"
    style-mod "^4.0.0"

"@codemirror/language@^0.19.0":
  version "0.19.2"
  resolved "https://registry.yarnpkg.com/@codemirror/language/-/language-0.19.2.tgz#01d03d746abc82aa3a8aaf5dcdfeab4b918b35fe"
  integrity sha512-Zz/gVezTknHhH2HcaMsYauxz06+3+IFU0nhhZmdTMcGbDL/ryQI2R543k9Zc58wA31lGa6uN+JzpZynEcGBwMQ==
  dependencies:
    "@codemirror/state" "^0.19.0"
    "@codemirror/text" "^0.19.0"
    "@codemirror/view" "^0.19.0"
    "@lezer/common" "^0.15.0"
    "@lezer/lr" "^0.15.0"

"@codemirror/rangeset@^0.19.0":
  version "0.19.1"
  resolved "https://registry.yarnpkg.com/@codemirror/rangeset/-/rangeset-0.19.1.tgz#03ab6f93fb60d9ba98f810b98ed9471cba1e3854"
  integrity sha512-WaKTEw8JB/3QFlQzpdgRoklopcWvG8O/Xp+rxxOfFKYTaeaejpY/tjpyBBg+Ea65Ka3m7+pPp9d5j/oR2rd9NA==
  dependencies:
    "@codemirror/state" "^0.19.0"

"@codemirror/state@^0.19.0":
  version "0.19.1"
  resolved "https://registry.yarnpkg.com/@codemirror/state/-/state-0.19.1.tgz#cf0ee90b4fb45c295f8bbe2d6196d890ec81d92a"
  integrity sha512-5NR6/h+pVp7d77F4rLpNWcYvARCvqXa1uayoNx06d1aEm6wy/K+3lxTg7taB/qaEKd+oCsSHjRL8oSE1Fm+nsw==
  dependencies:
    "@codemirror/text" "^0.19.0"

"@codemirror/text@^0.19.0":
  version "0.19.3"
  resolved "https://registry.yarnpkg.com/@codemirror/text/-/text-0.19.3.tgz#c00d86c7bb28360aa8e94beff815586fbda8fd43"
  integrity sha512-A0HBPZRwQ72XVMN1tg/pVUnvS5CKboBeHZE7cylYw0ljx9eX+NoYaK7apPSJO/Fwh9XhH9m8Va06EGc11VOzUw==

"@codemirror/view@^0.19.0", "@codemirror/view@^0.19.1":
  version "0.19.4"
  resolved "https://registry.yarnpkg.com/@codemirror/view/-/view-0.19.4.tgz#ec0aa184cdfcada36609f4f143346496bf3654c9"
  integrity sha512-yfJ6zdxQOnNIkZqrAyPPdU1/qeucjp5NzvfZfrI1X5niWvwd8re/o9MUeG+nvOmtac+uKmXYUU9dRZUFCAOcaQ==
  dependencies:
    "@codemirror/rangeset" "^0.19.0"
    "@codemirror/state" "^0.19.0"
    "@codemirror/text" "^0.19.0"
    style-mod "^4.0.0"
    w3c-keyname "^2.2.4"

"@lezer/common@^0.15.0":
  version "0.15.4"
  resolved "https://registry.yarnpkg.com/@lezer/common/-/common-0.15.4.tgz#e2639e3f018d98a2aac2cdae2f14196c478f6112"
  integrity sha512-+n/fKtcvw2qp/WIaZCR2HNzoB70Pwa9hQ8xFU86sDbZr9PYf2HX0qaG3N9Q/XCQHJeaB+GOh/XY9jHMWw4h6Ow==

"@lezer/lr@^0.15.0":
  version "0.15.2"
  resolved "https://registry.yarnpkg.com/@lezer/lr/-/lr-0.15.2.tgz#e03581a31bc0b44a0b804aeb9fece050853778c5"
  integrity sha512-gkQUkKCAw/zxOiTCGhjctV/C+FPmfwqXscM9EGgcYhUZewkLu2AsEl2Vlcral7xtDU0t6xwakT6Fw5jlMvMX6Q==
  dependencies:
    "@lezer/common" "^0.15.0"

style-mod@^4.0.0:
  version "4.0.0"
  resolved "https://registry.yarnpkg.com/style-mod/-/style-mod-4.0.0.tgz#97e7c2d68b592975f2ca7a63d0dd6fcacfe35a01"
  integrity sha512-OPhtyEjyyN9x3nhPsu76f52yUGXiZcgvsrFVtvTkyGRQJ0XK+GPc6ov1z+lRpbeabka+MYEQxOYRnt5nF30aMw==

typescript@^4.3.5:
  version "4.4.2"
  resolved "https://registry.yarnpkg.com/typescript/-/typescript-4.4.2.tgz#6d618640d430e3569a1dfb44f7d7e600ced3ee86"
  integrity sha512-gzP+t5W4hdy4c+68bfcv0t400HVJMMd2+H9B7gae1nQlBzCqvrXX+6GL/b3GAgyTH966pzrZ70/fRjwAtZksSQ==

w3c-keyname@^2.2.4:
  version "2.2.4"
  resolved "https://registry.yarnpkg.com/w3c-keyname/-/w3c-keyname-2.2.4.tgz#4ade6916f6290224cdbd1db8ac49eab03d0eef6b"
  integrity sha512-tOhfEwEzFLJzf6d1ZPkYfGj+FWhIpBux9ppoP3rlclw3Z0BZv3N7b7030Z1kYth+6rDuAsXUFr+d0VE6Ed1ikw==
